
Microsoft Visual Studio Solution File, Format Version 12.00
# Visual Studio 15
VisualStudioVersion = 15.0.28307.421
MinimumVisualStudioVersion = 10.0.40219.1
Project("{FAE04EC0-301F-11D3-BF4B-00C04F79EFBC}") = "App.Entidades", "App.Entidades\App.Entidades.csproj", "{EBADC295-57CA-4360-BE75-94505063B9CF}"
EndProject
Project("{FAE04EC0-301F-11D3-BF4B-00C04F79EFBC}") = "App.Data", "App.Data\App.Data.csproj", "{2871B390-434C-486D-BCCF-2E7F9A68252C}"
EndProject
Project("{FAE04EC0-301F-11D3-BF4B-00C04F79EFBC}") = "App.DataPrueba", "App.DataPrueba\App.DataPrueba.csproj", "{4BAA360A-7D86-4732-BF35-31BCF6834EE6}"
EndProject
Global
	GlobalSection(SolutionConfigurationPlatforms) = preSolution
		Debug|Any CPU = Debug|Any CPU
		Release|Any CPU = Release|Any CPU
	EndGlobalSection
	GlobalSection(ProjectConfigurationPlatforms) = postSolution
		{EBADC295-57CA-4360-BE75-94505063B9CF}.Debug|Any CPU.ActiveCfg = Debug|Any CPU
		{EBADC295-57CA-4360-BE75-94505063B9CF}.Debug|Any CPU.Build.0 = Debug|Any CPU
		{EBADC295-57CA-4360-BE75-94505063B9CF}.Release|Any CPU.ActiveCfg = Release|Any CPU
		{EBADC295-57CA-4360-BE75-94505063B9CF}.Release|Any CPU.Build.0 = Release|Any CPU
		{2871B390-434C-486D-BCCF-2E7F9A68252C}.Debug|Any CPU.ActiveCfg = Debug|Any CPU
		{2871B390-434C-486D-BCCF-2E7F9A68252C}.Debug|Any CPU.Build.0 = Debug|Any CPU
		{2871B390-434C-486D-BCCF-2E7F9A68252C}.Release|Any CPU.ActiveCfg = Release|Any CPU
		{2871B390-434C-486D-BCCF-2E7F9A68252C}.Release|Any CPU.Build.0 = Release|Any CPU
		{4BAA360A-7D86-4732-BF35-31BCF6834EE6}.Debug|Any CPU.ActiveCfg = Debug|Any CPU
		{4BAA360A-7D86-4732-BF35-31BCF6834EE6}.Debug|Any CPU.Build.0 = Debug|Any CPU
		{4BAA360A-7D86-4732-BF35-31BCF6834EE6}.Release|Any CPU.ActiveCfg = Release|Any CPU
		{4BAA360A-7D86-4732-BF35-31BCF6834EE6}.Release|Any CPU.Build.0 = Release|Any CPU
	EndGlobalSection
	GlobalSection(SolutionProperties) = preSolution
		HideSolutionNode = FALSE
	EndGlobalSection
	GlobalSection(ExtensibilityGlobals) = postSolution
		SolutionGuid = {4A7AA485-20DF-4972-80E2-1A5E3C084D0A}
	EndGlobalSection
EndGlobal
